// !$*UTF8*$!
{
	archiveVersion = 1;
	classes = {
	};
	objectVersion = 48;
	objects = {

/* Begin PBXBuildFile section */
		B8B17B442124921000EE8223 /* AppDelegate.swift in Sources */ = {isa = PBXBuildFile; fileRef = B8B17B432124921000EE8223 /* AppDelegate.swift */; };
		B8B17B462124921000EE8223 /* ViewController.swift in Sources */ = {isa = PBXBuildFile; fileRef = B8B17B452124921000EE8223 /* ViewController.swift */; };
		B8B17B492124921000EE8223 /* Main.storyboard in Resources */ = {isa = PBXBuildFile; fileRef = B8B17B472124921000EE8223 /* Main.storyboard */; };
		B8B17B4B2124921000EE8223 /* Assets.xcassets in Resources */ = {isa = PBXBuildFile; fileRef = B8B17B4A2124921000EE8223 /* Assets.xcassets */; };
		B8B17B4E2124921000EE8223 /* LaunchScreen.storyboard in Resources */ = {isa = PBXBuildFile; fileRef = B8B17B4C2124921000EE8223 /* LaunchScreen.storyboard */; };
		B8B17B592124921000EE8223 /* NYTimeTests.swift in Sources */ = {isa = PBXBuildFile; fileRef = B8B17B582124921000EE8223 /* NYTimeTests.swift */; };
		B8B17B642124921000EE8223 /* NYTimeUITests.swift in Sources */ = {isa = PBXBuildFile; fileRef = B8B17B632124921000EE8223 /* NYTimeUITests.swift */; };
/* End PBXBuildFile section */

/* Begin PBXContainerItemProxy section */
		B8B17B552124921000EE8223 /* PBXContainerItemProxy */ = {
			isa = PBXContainerItemProxy;
			containerPortal = B8B17B382124921000EE8223 /* Project object */;
			proxyType = 1;
			remoteGlobalIDString = B8B17B3F2124921000EE8223;
			remoteInfo = NYTime;
		};
		B8B17B602124921000EE8223 /* PBXContainerItemProxy */ = {
			isa = PBXContainerItemProxy;
			containerPortal = B8B17B382124921000EE8223 /* Project object */;
			proxyType = 1;
			remoteGlobalIDString = B8B17B3F2124921000EE8223;
			remoteInfo = NYTime;
		};
/* End PBXContainerItemProxy section */

/* Begin PBXFileReference section */
		B8B17B402124921000EE8223 /* NYTime.app */ = {isa = PBXFileReference; explicitFileType = wrapper.application; includeInIndex = 0; path = NYTime.app; sourceTree = BUILT_PRODUCTS_DIR; };
		B8B17B432124921000EE8223 /* AppDelegate.swift */ = {isa = PBXFileReference; lastKnownFileType = sourcecode.swift; path = AppDelegate.swift; sourceTree = "<group>"; };
		B8B17B452124921000EE8223 /* ViewController.swift */ = {isa = PBXFileReference; lastKnownFileType = sourcecode.swift; path = ViewController.swift; sourceTree = "<group>"; };
		B8B17B482124921000EE8223 /* Base */ = {isa = PBXFileReference; lastKnownFileType = file.storyboard; name = Base; path = Base.lproj/Main.storyboard; sourceTree = "<group>"; };
		B8B17B4A2124921000EE8223 /* Assets.xcassets */ = {isa = PBXFileReference; lastKnownFileType = folder.assetcatalog; path = Assets.xcassets; sourceTree = "<group>"; };
		B8B17B4D2124921000EE8223 /* Base */ = {isa = PBXFileReference; lastKnownFileType = file.storyboard; name = Base; path = Base.lproj/LaunchScreen.storyboard; sourceTree = "<group>"; };
		B8B17B4F2124921000EE8223 /* Info.plist */ = {isa = PBXFileReference; lastKnownFileType = text.plist.xml; path = Info.plist; sourceTree = "<group>"; };
		B8B17B542124921000EE8223 /* NYTimeTests.xctest */ = {isa = PBXFileReference; explicitFileType = wrapper.cfbundle; includeInIndex = 0; path = NYTimeTests.xctest; sourceTree = BUILT_PRODUCTS_DIR; };
		B8B17B582124921000EE8223 /* NYTimeTests.swift */ = {isa = PBXFileReference; lastKnownFileType = sourcecode.swift; path = NYTimeTests.swift; sourceTree = "<group>"; };
		B8B17B5A2124921000EE8223 /* Info.plist */ = {isa = PBXFileReference; lastKnownFileType = text.plist.xml; path = Info.plist; sourceTree = "<group>"; };
		B8B17B5F2124921000EE8223 /* NYTimeUITests.xctest */ = {isa = PBXFileReference; explicitFileType = wrapper.cfbundle; includeInIndex = 0; path = NYTimeUITests.xctest; sourceTree = BUILT_PRODUCTS_DIR; };
		B8B17B632124921000EE8223 /* NYTimeUITests.swift */ = {isa = PBXFileReference; lastKnownFileType = sourcecode.swift; path = NYTimeUITests.swift; sourceTree = "<group>"; };
		B8B17B652124921000EE8223 /* Info.plist */ = {isa = PBXFileReference; lastKnownFileType = text.plist.xml; path = Info.plist; sourceTree = "<group>"; };
/* End PBXFileReference section */

/* Begin PBXFrameworksBuildPhase section */
		B8B17B3D2124921000EE8223 /* Frameworks */ = {
			isa = PBXFrameworksBuildPhase;
			buildActionMask = 2147483647;
			files = (
			);
			runOnlyForDeploymentPostprocessing = 0;
		};
		B8B17B512124921000EE8223 /* Frameworks */ = {
			isa = PBXFrameworksBuildPhase;
			buildActionMask = 2147483647;
			files = (
			);
			runOnlyForDeploymentPostprocessing = 0;
		};
		B8B17B5C2124921000EE8223 /* Frameworks */ = {
			isa = PBXFrameworksBuildPhase;
			buildActionMask = 2147483647;
			files = (
			);
			runOnlyForDeploymentPostprocessing = 0;
		};
/* End PBXFrameworksBuildPhase section */

/* Begin PBXGroup section */
		B8B17B372124921000EE8223 = {
			isa = PBXGroup;
			children = (
				B8B17B422124921000EE8223 /* NYTime */,
				B8B17B572124921000EE8223 /* NYTimeTests */,
				B8B17B622124921000EE8223 /* NYTimeUITests */,
				B8B17B412124921000EE8223 /* Products */,
			);
			sourceTree = "<group>";
		};
		B8B17B412124921000EE8223 /* Products */ = {
			isa = PBXGroup;
			children = (
				B8B17B402124921000EE8223 /* NYTime.app */,
				B8B17B542124921000EE8223 /* NYTimeTests.xctest */,
				B8B17B5F2124921000EE8223 /* NYTimeUITests.xctest */,
			);
			name = Products;
			sourceTree = "<group>";
		};
		B8B17B422124921000EE8223 /* NYTime */ = {
			isa = PBXGroup;
			children = (
				B8B17B432124921000EE8223 /* AppDelegate.swift */,
				B8B17B452124921000EE8223 /* ViewController.swift */,
				B8B17B472124921000EE8223 /* Main.storyboard */,
				B8B17B4A2124921000EE8223 /* Assets.xcassets */,
				B8B17B4C2124921000EE8223 /* LaunchScreen.storyboard */,
				B8B17B4F2124921000EE8223 /* Info.plist */,
			);
			path = NYTime;
			sourceTree = "<group>";
		};
		B8B17B572124921000EE8223 /* NYTimeTests */ = {
			isa = PBXGroup;
			children = (
				B8B17B582124921000EE8223 /* NYTimeTests.swift */,
				B8B17B5A2124921000EE8223 /* Info.plist */,
			);
			path = NYTimeTests;
			sourceTree = "<group>";
		};
		B8B17B622124921000EE8223 /* NYTimeUITests */ = {
			isa = PBXGroup;
			children = (
				B8B17B632124921000EE8223 /* NYTimeUITests.swift */,
				B8B17B652124921000EE8223 /* Info.plist */,
			);
			path = NYTimeUITests;
			sourceTree = "<group>";
		};
/* End PBXGroup section */

/* Begin PBXNativeTarget section */
		B8B17B3F2124921000EE8223 /* NYTime */ = {
			isa = PBXNativeTarget;
			buildConfigurationList = B8B17B682124921000EE8223 /* Build configuration list for PBXNativeTarget "NYTime" */;
			buildPhases = (
				B8B17B3C2124921000EE8223 /* Sources */,
				B8B17B3D2124921000EE8223 /* Frameworks */,
				B8B17B3E2124921000EE8223 /* Resources */,
			);
			buildRules = (
			);
			dependencies = (
			);
			name = NYTime;
			productName = NYTime;
			productReference = B8B17B402124921000EE8223 /* NYTime.app */;
			productType = "com.apple.product-type.application";
		};
		B8B17B532124921000EE8223 /* NYTimeTests */ = {
			isa = PBXNativeTarget;
			buildConfigurationList = B8B17B6B2124921000EE8223 /* Build configuration list for PBXNativeTarget "NYTimeTests" */;
			buildPhases = (
				B8B17B502124921000EE8223 /* Sources */,
				B8B17B512124921000EE8223 /* Frameworks */,
				B8B17B522124921000EE8223 /* Resources */,
			);
			buildRules = (
			);
			dependencies = (
				B8B17B562124921000EE8223 /* PBXTargetDependency */,
			);
			name = NYTimeTests;
			productName = NYTimeTests;
			productReference = B8B17B542124921000EE8223 /* NYTimeTests.xctest */;
			productType = "com.apple.product-type.bundle.unit-test";
		};
		B8B17B5E2124921000EE8223 /* NYTimeUITests */ = {
			isa = PBXNativeTarget;
			buildConfigurationList = B8B17B6E2124921000EE8223 /* Build configuration list for PBXNativeTarget "NYTimeUITests" */;
			buildPhases = (
				B8B17B5B2124921000EE8223 /* Sources */,
				B8B17B5C2124921000EE8223 /* Frameworks */,
				B8B17B5D2124921000EE8223 /* Resources */,
			);
			buildRules = (
			);
			dependencies = (
				B8B17B612124921000EE8223 /* PBXTargetDependency */,
			);
			name = NYTimeUITests;
			productName = NYTimeUITests;
			productReference = B8B17B5F2124921000EE8223 /* NYTimeUITests.xctest */;
			productType = "com.apple.product-type.bundle.ui-testing";
		};
/* End PBXNativeTarget section */

/* Begin PBXProject section */
		B8B17B382124921000EE8223 /* Project object */ = {
			isa = PBXProject;
			attributes = {
				LastSwiftUpdateCheck = 0920;
				LastUpgradeCheck = 0920;
				ORGANIZATIONNAME = "pratius Dubey";
				TargetAttributes = {
					B8B17B3F2124921000EE8223 = {
						CreatedOnToolsVersion = 9.2;
						ProvisioningStyle = Automatic;
					};
					B8B17B532124921000EE8223 = {
						CreatedOnToolsVersion = 9.2;
						ProvisioningStyle = Automatic;
						TestTargetID = B8B17B3F2124921000EE8223;
					};
					B8B17B5E2124921000EE8223 = {
						CreatedOnToolsVersion = 9.2;
						ProvisioningStyle = Automatic;
						TestTargetID = B8B17B3F2124921000EE8223;
					};
				};
			};
			buildConfigurationList = B8B17B3B2124921000EE8223 /* Build configuration list for PBXProject "NYTime" */;
			compatibilityVersion = "Xcode 8.0";
			developmentRegion = en;
			hasScannedForEncodings = 0;
			knownRegions = (
				en,
				Base,
			);
			mainGroup = B8B17B372124921000EE8223;
			productRefGroup = B8B17B412124921000EE8223 /* Products */;
			projectDirPath = "";
			projectRoot = "";
			targets = (
				B8B17B3F2124921000EE8223 /* NYTime */,
				B8B17B532124921000EE8223 /* NYTimeTests */,
				B8B17B5E2124921000EE8223 /* NYTimeUITests */,
			);
		};
/* End PBXProject section */

/* Begin PBXResourcesBuildPhase section */
		B8B17B3E2124921000EE8223 /* Resources */ = {
			isa = PBXResourcesBuildPhase;
			buildActionMask = 2147483647;
			files = (
				B8B17B4E2124921000EE8223 /* LaunchScreen.storyboard in Resources */,
				B8B17B4B2124921000EE8223 /* Assets.xcassets in Resources */,
				B8B17B492124921000EE8223 /* Main.storyboard in Resources */,
			);
			runOnlyForDeploymentPostprocessing = 0;
		};
		B8B17B522124921000EE8223 /* Resources */ = {
			isa = PBXResourcesBuildPhase;
			buildActionMask = 2147483647;
			files = (
			);
			runOnlyForDeploymentPostprocessing = 0;
		};
		B8B17B5D2124921000EE8223 /* Resources */ = {
			isa = PBXResourcesBuildPhase;
			buildActionMask = 2147483647;
			files = (
			);
			runOnlyForDeploymentPostprocessing = 0;
		};
/* End PBXResourcesBuildPhase section */

/* Begin PBXSourcesBuildPhase section */
		B8B17B3C2124921000EE8223 /* Sources */ = {
			isa = PBXSourcesBuildPhase;
			buildActionMask = 2147483647;
			files = (
				B8B17B462124921000EE8223 /* ViewController.swift in Sources */,
				B8B17B442124921000EE8223 /* AppDelegate.swift in Sources */,
			);
			runOnlyForDeploymentPostprocessing = 0;
		};
		B8B17B502124921000EE8223 /* Sources */ = {
			isa = PBXSourcesBuildPhase;
			buildActionMask = 2147483647;
			files = (
				B8B17B592124921000EE8223 /* NYTimeTests.swift in Sources */,
			);
			runOnlyForDeploymentPostprocessing = 0;
		};
		B8B17B5B2124921000EE8223 /* Sources */ = {
			isa = PBXSourcesBuildPhase;
			buildActionMask = 2147483647;
			files = (
				B8B17B642124921000EE8223 /* NYTimeUITests.swift in Sources */,
			);
			runOnlyForDeploymentPostprocessing = 0;
		};
/* End PBXSourcesBuildPhase section */

/* Begin PBXTargetDependency section */
		B8B17B562124921000EE8223 /* PBXTargetDependency */ = {
			isa = PBXTargetDependency;
			target = B8B17B3F2124921000EE8223 /* NYTime */;
			targetProxy = B8B17B552124921000EE8223 /* PBXContainerItemProxy */;
		};
		B8B17B612124921000EE8223 /* PBXTargetDependency */ = {
			isa = PBXTargetDependency;
			target = B8B17B3F2124921000EE8223 /* NYTime */;
			targetProxy = B8B17B602124921000EE8223 /* PBXContainerItemProxy */;
		};
/* End PBXTargetDependency section */

/* Begin PBXVariantGroup section */
		B8B17B472124921000EE8223 /* Main.storyboard */ = {
			isa = PBXVariantGroup;
			children = (
				B8B17B482124921000EE8223 /* Base */,
			);
			name = Main.storyboard;
			sourceTree = "<group>";
		};
		B8B17B4C2124921000EE8223 /* LaunchScreen.storyboard */ = {
			isa = PBXVariantGroup;
			children = (
				B8B17B4D2124921000EE8223 /* Base */,
			);
			name = LaunchScreen.storyboard;
			sourceTree = "<group>";
		};
/* End PBXVariantGroup section */

/* Begin XCBuildConfiguration section */
		B8B17B662124921000EE8223 /* Debug */ = {
			isa = XCBuildConfiguration;
			buildSettings = {
				ALWAYS_SEARCH_USER_PATHS = NO;
				CLANG_ANALYZER_NONNULL = YES;
				CLANG_ANALYZER_NUMBER_OBJECT_CONVERSION = YES_AGGRESSIVE;
				CLANG_CXX_LANGUAGE_STANDARD = "gnu++14";
				CLANG_CXX_LIBRARY = "libc++";
				CLANG_ENABLE_MODULES = YES;
				CLANG_ENABLE_OBJC_ARC = YES;
				CLANG_WARN_BLOCK_CAPTURE_AUTORELEASING = YES;
				CLANG_WARN_BOOL_CONVERSION = YES;
				CLANG_WARN_COMMA = YES;
				CLANG_WARN_CONSTANT_CONVERSION = YES;
				CLANG_WARN_DIRECT_OBJC_ISA_USAGE = YES_ERROR;
				CLANG_WARN_DOCUMENTATION_COMMENTS = YES;
				CLANG_WARN_EMPTY_BODY = YES;
				CLANG_WARN_ENUM_CONVERSION = YES;
				CLANG_WARN_INFINITE_RECURSION = YES;
				CLANG_WARN_INT_CONVERSION = YES;
				CLANG_WARN_NON_LITERAL_NULL_CONVERSION = YES;
				CLANG_WARN_OBJC_LITERAL_CONVERSION = YES;
				CLANG_WARN_OBJC_ROOT_CLASS = YES_ERROR;
				CLANG_WARN_RANGE_LOOP_ANALYSIS = YES;
				CLANG_WARN_STRICT_PROTOTYPES = YES;
				CLANG_WARN_SUSPICIOUS_MOVE = YES;
				CLANG_WARN_UNGUARDED_AVAILABILITY = YES_AGGRESSIVE;
				CLANG_WARN_UNREACHABLE_CODE = YES;
				CLANG_WARN__DUPLICATE_METHOD_MATCH = YES;
				CODE_SIGN_IDENTITY = "iPhone Developer";
				COPY_PHASE_STRIP = NO;
				DEBUG_INFORMATION_FORMAT = dwarf;
				ENABLE_STRICT_OBJC_MSGSEND = YES;
				ENABLE_TESTABILITY = YES;
				GCC_C_LANGUAGE_STANDARD = gnu11;
				GCC_DYNAMIC_NO_PIC = NO;
				GCC_NO_COMMON_BLOCKS = YES;
				GCC_OPTIMIZATION_LEVEL = 0;
				GCC_PREPROCESSOR_DEFINITIONS = (
					"DEBUG=1",
					"$(inherited)",
				);
				GCC_WARN_64_TO_32_BIT_CONVERSION = YES;
				GCC_WARN_ABOUT_RETURN_TYPE = YES_ERROR;
				GCC_WARN_UNDECLARED_SELECTOR = YES;
				GCC_WARN_UNINITIALIZED_AUTOS = YES_AGGRESSIVE;
				GCC_WARN_UNUSED_FUNCTION = YES;
				GCC_WARN_UNUSED_VARIABLE = YES;
				IPHONEOS_DEPLOYMENT_TARGET = 11.2;
				MTL_ENABLE_DEBUG_INFO = YES;
				ONLY_ACTIVE_ARCH = YES;
				SDKROOT = iphoneos;
				SWIFT_ACTIVE_COMPILATION_CONDITIONS = DEBUG;
				SWIFT_OPTIMIZATION_LEVEL = "-Onone";
			};
			name = Debug;
		};
		B8B17B672124921000EE8223 /* Release */ = {
			isa = XCBuildConfiguration;
			buildSettings = {
				ALWAYS_SEARCH_USER_PATHS = NO;
				CLANG_ANALYZER_NONNULL = YES;
				CLANG_ANALYZER_NUMBER_OBJECT_CONVERSION = YES_AGGRESSIVE;
				CLANG_CXX_LANGUAGE_STANDARD = "gnu++14";
				CLANG_CXX_LIBRARY = "libc++";
				CLANG_ENABLE_MODULES = YES;
				CLANG_ENABLE_OBJC_ARC = YES;
				CLANG_WARN_BLOCK_CAPTURE_AUTORELEASING = YES;
				CLANG_WARN_BOOL_CONVERSION = YES;
				CLANG_WARN_COMMA = YES;
				CLANG_WARN_CONSTANT_CONVERSION = YES;
				CLANG_WARN_DIRECT_OBJC_ISA_USAGE = YES_ERROR;
				CLANG_WARN_DOCUMENTATION_COMMENTS = YES;
				CLANG_WARN_EMPTY_BODY = YES;
				CLANG_WARN_ENUM_CONVERSION = YES;
				CLANG_WARN_INFINITE_RECURSION = YES;
				CLANG_WARN_INT_CONVERSION = YES;
				CLANG_WARN_NON_LITERAL_NULL_CONVERSION = YES;
				CLANG_WARN_OBJC_LITERAL_CONVERSION = YES;
				CLANG_WARN_OBJC_ROOT_CLASS = YES_ERROR;
				CLANG_WARN_RANGE_LOOP_ANALYSIS = YES;
				CLANG_WARN_STRICT_PROTOTYPES = YES;
				CLANG_WARN_SUSPICIOUS_MOVE = YES;
				CLANG_WARN_UNGUARDED_AVAILABILITY = YES_AGGRESSIVE;
				CLANG_WARN_UNREACHABLE_CODE = YES;
				CLANG_WARN__DUPLICATE_METHOD_MATCH = YES;
				CODE_SIGN_IDENTITY = "iPhone Developer";
				COPY_PHASE_STRIP = NO;
				DEBUG_INFORMATION_FORMAT = "dwarf-with-dsym";
				ENABLE_NS_ASSERTIONS = NO;
				ENABLE_STRICT_OBJC_MSGSEND = YES;
				GCC_C_LANGUAGE_STANDARD = gnu11;
				GCC_NO_COMMON_BLOCKS = YES;
				GCC_WARN_64_TO_32_BIT_CONVERSION = YES;
				GCC_WARN_ABOUT_RETURN_TYPE = YES_ERROR;
				GCC_WARN_UNDECLARED_SELECTOR = YES;
				GCC_WARN_UNINITIALIZED_AUTOS = YES_AGGRESSIVE;
				GCC_WARN_UNUSED_FUNCTION = YES;
				GCC_WARN_UNUSED_VARIABLE = YES;
				IPHONEOS_DEPLOYMENT_TARGET = 11.2;
				MTL_ENABLE_DEBUG_INFO = NO;
				SDKROOT = iphoneos;
				SWIFT_OPTIMIZATION_LEVEL = "-Owholemodule";
				VALIDATE_PRODUCT = YES;
			};
			name = Release;
		};
		B8B17B692124921000EE8223 /* Debug */ = {
			isa = XCBuildConfiguration;
			buildSettings = {
				ASSETCATALOG_COMPILER_APPICON_NAME = AppIcon;
				CODE_SIGN_STYLE = Automatic;
				INFOPLIST_FILE = NYTime/Info.plist;
				LD_RUNPATH_SEARCH_PATHS = "$(inherited) @executable_path/Frameworks";
				PRODUCT_BUNDLE_IDENTIFIER = Test.NYTime;
				PRODUCT_NAME = "$(TARGET_NAME)";
				SWIFT_VERSION = 4.0;
				TARGETED_DEVICE_FAMILY = "1,2";
			};
			name = Debug;
		};
		B8B17B6A2124921000EE8223 /* Release */ = {
			isa = XCBuildConfiguration;
			buildSettings = {
				ASSETCATALOG_COMPILER_APPICON_NAME = AppIcon;
				CODE_SIGN_STYLE = Automatic;
				INFOPLIST_FILE = NYTime/Info.plist;
				LD_RUNPATH_SEARCH_PATHS = "$(inherited) @executable_path/Frameworks";
				PRODUCT_BUNDLE_IDENTIFIER = Test.NYTime;
				PRODUCT_NAME = "$(TARGET_NAME)";
				SWIFT_VERSION = 4.0;
				TARGETED_DEVICE_FAMILY = "1,2";
			};
			name = Release;
		};
		B8B17B6C2124921000EE8223 /* Debug */ = {
			isa = XCBuildConfiguration;
			buildSettings = {
				ALWAYS_EMBED_SWIFT_STANDARD_LIBRARIES = YES;
				BUNDLE_LOADER = "$(TEST_HOST)";
				CODE_SIGN_STYLE = Automatic;
				INFOPLIST_FILE = NYTimeTests/Info.plist;
				LD_RUNPATH_SEARCH_PATHS = "$(inherited) @executable_path/Frameworks @loader_path/Frameworks";
				PRODUCT_BUNDLE_IDENTIFIER = Test.NYTimeTests;
				PRODUCT_NAME = "$(TARGET_NAME)";
				SWIFT_VERSION = 4.0;
				TARGETED_DEVICE_FAMILY = "1,2";
				TEST_HOST = "$(BUILT_PRODUCTS_DIR)/NYTime.app/NYTime";
			};
			name = Debug;
		};
		B8B17B6D2124921000EE8223 /* Release */ = {
			isa = XCBuildConfiguration;
			buildSettings = {
				ALWAYS_EMBED_SWIFT_STANDARD_LIBRARIES = YES;
				BUNDLE_LOADER = "$(TEST_HOST)";
				CODE_SIGN_STYLE = Automatic;
				INFOPLIST_FILE = NYTimeTests/Info.plist;
				LD_RUNPATH_SEARCH_PATHS = "$(inherited) @executable_path/Frameworks @loader_path/Frameworks";
				PRODUCT_BUNDLE_IDENTIFIER = Test.NYTimeTests;
				PRODUCT_NAME = "$(TARGET_NAME)";
				SWIFT_VERSION = 4.0;
				TARGETED_DEVICE_FAMILY = "1,2";
				TEST_HOST = "$(BUILT_PRODUCTS_DIR)/NYTime.app/NYTime";
			};
			name = Release;
		};
		B8B17B6F2124921000EE8223 /* Debug */ = {
			isa = XCBuildConfiguration;
			buildSettings = {
				ALWAYS_EMBED_SWIFT_STANDARD_LIBRARIES = YES;
				CODE_SIGN_STYLE = Automatic;
				INFOPLIST_FILE = NYTimeUITests/Info.plist;
				LD_RUNPATH_SEARCH_PATHS = "$(inherited) @executable_path/Frameworks @loader_path/Frameworks";
				PRODUCT_BUNDLE_IDENTIFIER = Test.NYTimeUITests;
				PRODUCT_NAME = "$(TARGET_NAME)";
				SWIFT_VERSION = 4.0;
				TARGETED_DEVICE_FAMILY = "1,2";
				TEST_TARGET_NAME = NYTime;
			};
			name = Debug;
		};
		B8B17B702124921000EE8223 /* Release */ = {
			isa = XCBuildConfiguration;
			buildSettings = {
				ALWAYS_EMBED_SWIFT_STANDARD_LIBRARIES = YES;
				CODE_SIGN_STYLE = Automatic;
				INFOPLIST_FILE = NYTimeUITests/Info.plist;
				LD_RUNPATH_SEARCH_PATHS = "$(inherited) @executable_path/Frameworks @loader_path/Frameworks";
				PRODUCT_BUNDLE_IDENTIFIER = Test.NYTimeUITests;
				PRODUCT_NAME = "$(TARGET_NAME)";
				SWIFT_VERSION = 4.0;
				TARGETED_DEVICE_FAMILY = "1,2";
				TEST_TARGET_NAME = NYTime;
			};
			name = Release;
		};
/* End XCBuildConfiguration section */

/* Begin XCConfigurationList section */
		B8B17B3B2124921000EE8223 /* Build configuration list for PBXProject "NYTime" */ = {
			isa = XCConfigurationList;
			buildConfigurations = (
				B8B17B662124921000EE8223 /* Debug */,
				B8B17B672124921000EE8223 /* Release */,
			);
			defaultConfigurationIsVisible = 0;
			defaultConfigurationName = Release;
		};
		B8B17B682124921000EE8223 /* Build configuration list for PBXNativeTarget "NYTime" */ = {
			isa = XCConfigurationList;
			buildConfigurations = (
				B8B17B692124921000EE8223 /* Debug */,
				B8B17B6A2124921000EE8223 /* Release */,
			);
			defaultConfigurationIsVisible = 0;
			defaultConfigurationName = Release;
		};
		B8B17B6B2124921000EE8223 /* Build configuration list for PBXNativeTarget "NYTimeTests" */ = {
			isa = XCConfigurationList;
			buildConfigurations = (
				B8B17B6C2124921000EE8223 /* Debug */,
				B8B17B6D2124921000EE8223 /* Release */,
			);
			defaultConfigurationIsVisible = 0;
			defaultConfigurationName = Release;
		};
		B8B17B6E2124921000EE8223 /* Build configuration list for PBXNativeTarget "NYTimeUITests" */ = {
			isa = XCConfigurationList;
			buildConfigurations = (
				B8B17B6F2124921000EE8223 /* Debug */,
				B8B17B702124921000EE8223 /* Release */,
			);
			defaultConfigurationIsVisible = 0;
			defaultConfigurationName = Release;
		};
/* End XCConfigurationList section */
	};
	rootObject = B8B17B382124921000EE8223 /* Project object */;
}
