
Microsoft Visual Studio Solution File, Format Version 12.00
# Visual Studio 2012
Project("{FAE04EC0-301F-11D3-BF4B-00C04F79EFBC}") = "NYTime.Android", "NYTime.Android\NYTime.Android.csproj", "{5A19BCA4-3F84-4CA0-85E7-96123EBE5D78}"
EndProject
Project("{FAE04EC0-301F-11D3-BF4B-00C04F79EFBC}") = "NYTime.iOS", "NYTime.iOS\NYTime.iOS.csproj", "{55A93B14-5769-444E-9DE1-EB5C5462B741}"
EndProject
Project("{FAE04EC0-301F-11D3-BF4B-00C04F79EFBC}") = "NYTime", "NYTime\NYTime.csproj", "{D5C9B7E0-48B1-48FA-BBFD-D149B2BA6959}"
EndProject
Global
	GlobalSection(SolutionConfigurationPlatforms) = preSolution
		Debug|Any CPU = Debug|Any CPU
		Release|Any CPU = Release|Any CPU
		Debug|iPhoneSimulator = Debug|iPhoneSimulator
		Release|iPhoneSimulator = Release|iPhoneSimulator
		Debug|iPhone = Debug|iPhone
		Release|iPhone = Release|iPhone
	EndGlobalSection
	GlobalSection(ProjectConfigurationPlatforms) = postSolution
		{5A19BCA4-3F84-4CA0-85E7-96123EBE5D78}.Debug|Any CPU.ActiveCfg = Debug|Any CPU
		{5A19BCA4-3F84-4CA0-85E7-96123EBE5D78}.Debug|Any CPU.Build.0 = Debug|Any CPU
		{5A19BCA4-3F84-4CA0-85E7-96123EBE5D78}.Release|Any CPU.ActiveCfg = Release|Any CPU
		{5A19BCA4-3F84-4CA0-85E7-96123EBE5D78}.Release|Any CPU.Build.0 = Release|Any CPU
		{5A19BCA4-3F84-4CA0-85E7-96123EBE5D78}.Debug|iPhoneSimulator.ActiveCfg = Debug|Any CPU
		{5A19BCA4-3F84-4CA0-85E7-96123EBE5D78}.Debug|iPhoneSimulator.Build.0 = Debug|Any CPU
		{5A19BCA4-3F84-4CA0-85E7-96123EBE5D78}.Release|iPhoneSimulator.ActiveCfg = Release|Any CPU
		{5A19BCA4-3F84-4CA0-85E7-96123EBE5D78}.Release|iPhoneSimulator.Build.0 = Release|Any CPU
		{5A19BCA4-3F84-4CA0-85E7-96123EBE5D78}.Debug|iPhone.ActiveCfg = Debug|Any CPU
		{5A19BCA4-3F84-4CA0-85E7-96123EBE5D78}.Debug|iPhone.Build.0 = Debug|Any CPU
		{5A19BCA4-3F84-4CA0-85E7-96123EBE5D78}.Release|iPhone.ActiveCfg = Release|Any CPU
		{5A19BCA4-3F84-4CA0-85E7-96123EBE5D78}.Release|iPhone.Build.0 = Release|Any CPU
		{55A93B14-5769-444E-9DE1-EB5C5462B741}.Debug|Any CPU.ActiveCfg = Debug|iPhoneSimulator
		{55A93B14-5769-444E-9DE1-EB5C5462B741}.Debug|Any CPU.Build.0 = Debug|iPhoneSimulator
		{55A93B14-5769-444E-9DE1-EB5C5462B741}.Release|Any CPU.ActiveCfg = Release|iPhoneSimulator
		{55A93B14-5769-444E-9DE1-EB5C5462B741}.Release|Any CPU.Build.0 = Release|iPhoneSimulator
		{55A93B14-5769-444E-9DE1-EB5C5462B741}.Debug|iPhoneSimulator.ActiveCfg = Debug|iPhoneSimulator
		{55A93B14-5769-444E-9DE1-EB5C5462B741}.Debug|iPhoneSimulator.Build.0 = Debug|iPhoneSimulator
		{55A93B14-5769-444E-9DE1-EB5C5462B741}.Release|iPhoneSimulator.ActiveCfg = Release|iPhoneSimulator
		{55A93B14-5769-444E-9DE1-EB5C5462B741}.Release|iPhoneSimulator.Build.0 = Release|iPhoneSimulator
		{55A93B14-5769-444E-9DE1-EB5C5462B741}.Debug|iPhone.ActiveCfg = Debug|iPhone
		{55A93B14-5769-444E-9DE1-EB5C5462B741}.Debug|iPhone.Build.0 = Debug|iPhone
		{55A93B14-5769-444E-9DE1-EB5C5462B741}.Release|iPhone.ActiveCfg = Release|iPhone
		{55A93B14-5769-444E-9DE1-EB5C5462B741}.Release|iPhone.Build.0 = Release|iPhone
		{D5C9B7E0-48B1-48FA-BBFD-D149B2BA6959}.Debug|Any CPU.ActiveCfg = Debug|Any CPU
		{D5C9B7E0-48B1-48FA-BBFD-D149B2BA6959}.Debug|Any CPU.Build.0 = Debug|Any CPU
		{D5C9B7E0-48B1-48FA-BBFD-D149B2BA6959}.Release|Any CPU.ActiveCfg = Release|Any CPU
		{D5C9B7E0-48B1-48FA-BBFD-D149B2BA6959}.Release|Any CPU.Build.0 = Release|Any CPU
		{D5C9B7E0-48B1-48FA-BBFD-D149B2BA6959}.Debug|iPhoneSimulator.ActiveCfg = Debug|Any CPU
		{D5C9B7E0-48B1-48FA-BBFD-D149B2BA6959}.Debug|iPhoneSimulator.Build.0 = Debug|Any CPU
		{D5C9B7E0-48B1-48FA-BBFD-D149B2BA6959}.Release|iPhoneSimulator.ActiveCfg = Release|Any CPU
		{D5C9B7E0-48B1-48FA-BBFD-D149B2BA6959}.Release|iPhoneSimulator.Build.0 = Release|Any CPU
		{D5C9B7E0-48B1-48FA-BBFD-D149B2BA6959}.Debug|iPhone.ActiveCfg = Debug|Any CPU
		{D5C9B7E0-48B1-48FA-BBFD-D149B2BA6959}.Debug|iPhone.Build.0 = Debug|Any CPU
		{D5C9B7E0-48B1-48FA-BBFD-D149B2BA6959}.Release|iPhone.ActiveCfg = Release|Any CPU
		{D5C9B7E0-48B1-48FA-BBFD-D149B2BA6959}.Release|iPhone.Build.0 = Release|Any CPU
	EndGlobalSection
EndGlobal
